<?xml version="1.0" encoding="utf-8"?>
<Project ToolsVersion="4.0" xmlns="http://schemas.microsoft.com/developer/msbuild/2003">
  <ItemGroup>
    <ClCompile Include="source\CGame.cpp">
      <Filter>Phase\Game</Filter>
    </ClCompile>
    <ClCompile Include="source\CResult.cpp">
      <Filter>Phase\Result</Filter>
    </ClCompile>
    <ClCompile Include="source\CTitle.cpp">
      <Filter>Phase\Title</Filter>
    </ClCompile>
    <ClCompile Include="source\Class_Matrix.cpp">
      <Filter>Math</Filter>
    </ClCompile>
    <ClCompile Include="source\Class_Vector.cpp">
      <Filter>Math</Filter>
    </ClCompile>
    <ClCompile Include="source\CPhaseFactory.cpp">
      <Filter>Phase</Filter>
    </ClCompile>
    <ClCompile Include="source\Input.cpp">
      <Filter>Input</Filter>
    </ClCompile>
    <ClCompile Include="source\Joy.cpp">
      <Filter>Input</Filter>
    </ClCompile>
    <ClCompile Include="source\keyinfo.cpp">
      <Filter>Input</Filter>
    </ClCompile>
    <ClCompile Include="source\CBillboard.cpp">
      <Filter>Object</Filter>
    </ClCompile>
    <ClCompile Include="source\CScene.cpp">
      <Filter>Object</Filter>
    </ClCompile>
    <ClCompile Include="source\CScene2D.cpp">
      <Filter>Object</Filter>
    </ClCompile>
    <ClCompile Include="source\CScene3D.cpp">
      <Filter>Object</Filter>
    </ClCompile>
    <ClCompile Include="source\CCameraGL.cpp">
      <Filter>Camera</Filter>
    </ClCompile>
    <ClCompile Include="source\CFade.cpp">
      <Filter>Fade</Filter>
    </ClCompile>
    <ClCompile Include="source\CManager.cpp">
      <Filter>Manager</Filter>
    </ClCompile>
    <ClCompile Include="source\CLightGL.cpp">
      <Filter>Light</Filter>
    </ClCompile>
    <ClCompile Include="source\texture.cpp">
      <Filter>texture</Filter>
    </ClCompile>
    <ClCompile Include="source\CRenderer.cpp">
      <Filter>Renderer</Filter>
    </ClCompile>
    <ClCompile Include="source\main.cpp">
      <Filter>Entry</Filter>
    </ClCompile>
    <ClCompile Include="source\CController.cpp">
      <Filter>Player</Filter>
    </ClCompile>
    <ClCompile Include="source\CPlayer.cpp">
      <Filter>Player</Filter>
    </ClCompile>
  </ItemGroup>
  <ItemGroup>
    <ClInclude Include="source\CGame.h">
      <Filter>Phase\Game</Filter>
    </ClInclude>
    <ClInclude Include="source\CResult.h">
      <Filter>Phase\Result</Filter>
    </ClInclude>
    <ClInclude Include="source\CTitle.h">
      <Filter>Phase\Title</Filter>
    </ClInclude>
    <ClInclude Include="source\Class_Matrix.h">
      <Filter>Math</Filter>
    </ClInclude>
    <ClInclude Include="source\Class_Vector.h">
      <Filter>Math</Filter>
    </ClInclude>
    <ClInclude Include="source\CPhase.h">
      <Filter>Phase</Filter>
    </ClInclude>
    <ClInclude Include="source\CPhaseFactory.h">
      <Filter>Phase</Filter>
    </ClInclude>
    <ClInclude Include="source\Input.h">
      <Filter>Input</Filter>
    </ClInclude>
    <ClInclude Include="source\Joy.h">
      <Filter>Input</Filter>
    </ClInclude>
    <ClInclude Include="source\keyinfo.h">
      <Filter>Input</Filter>
    </ClInclude>
    <ClInclude Include="source\CBillboard.h">
      <Filter>Object</Filter>
    </ClInclude>
    <ClInclude Include="source\CScene.h">
      <Filter>Object</Filter>
    </ClInclude>
    <ClInclude Include="source\CScene2D.h">
      <Filter>Object</Filter>
    </ClInclude>
    <ClInclude Include="source\CScene3D.h">
      <Filter>Object</Filter>
    </ClInclude>
    <ClInclude Include="source\CCameraGL.h">
      <Filter>Camera</Filter>
    </ClInclude>
    <ClInclude Include="source\CFade.h">
      <Filter>Fade</Filter>
    </ClInclude>
    <ClInclude Include="source\CManager.h">
      <Filter>Manager</Filter>
    </ClInclude>
    <ClInclude Include="source\CLightGL.h">
      <Filter>Light</Filter>
    </ClInclude>
    <ClInclude Include="source\texture.h">
      <Filter>texture</Filter>
    </ClInclude>
    <ClInclude Include="source\CRenderer.h">
      <Filter>Renderer</Filter>
    </ClInclude>
    <ClInclude Include="source\main.h">
      <Filter>Entry</Filter>
    </ClInclude>
    <ClInclude Include="source\CController.h">
      <Filter>Player</Filter>
    </ClInclude>
    <ClInclude Include="source\CPlayer.h">
      <Filter>Player</Filter>
    </ClInclude>
  </ItemGroup>
  <ItemGroup>
    <Filter Include="Math">
      <UniqueIdentifier>{931e157a-0cb0-4e3e-b86d-181779b65bf9}</UniqueIdentifier>
    </Filter>
    <Filter Include="Phase">
      <UniqueIdentifier>{fbef8493-0949-4d9d-856d-63061a265f43}</UniqueIdentifier>
    </Filter>
    <Filter Include="Phase\Game">
      <UniqueIdentifier>{618015d8-3d6b-4731-9934-53b95b2916ad}</UniqueIdentifier>
    </Filter>
    <Filter Include="Phase\Result">
      <UniqueIdentifier>{e5acd05a-4eb1-4e46-b444-96900a3ff1b3}</UniqueIdentifier>
    </Filter>
    <Filter Include="Phase\Title">
      <UniqueIdentifier>{79e1600c-9862-4615-b966-568cc6ffc1f0}</UniqueIdentifier>
    </Filter>
    <Filter Include="Object">
      <UniqueIdentifier>{da34e1ce-d66e-4dfe-9104-350638b12583}</UniqueIdentifier>
    </Filter>
    <Filter Include="Input">
      <UniqueIdentifier>{0bc0b39e-c98f-413d-912d-0835d4dd6a82}</UniqueIdentifier>
    </Filter>
    <Filter Include="Camera">
      <UniqueIdentifier>{aa3aa08b-bbe5-435c-aa16-4f114ab35317}</UniqueIdentifier>
    </Filter>
    <Filter Include="Fade">
      <UniqueIdentifier>{c3a892c5-4b4b-4a40-9769-5388d08e58bd}</UniqueIdentifier>
    </Filter>
    <Filter Include="Manager">
      <UniqueIdentifier>{0e17bb16-22f8-44d7-94ee-959660f7e45b}</UniqueIdentifier>
    </Filter>
    <Filter Include="Light">
      <UniqueIdentifier>{65408c9a-88d2-457f-8aa0-dbafc584e264}</UniqueIdentifier>
    </Filter>
    <Filter Include="texture">
      <UniqueIdentifier>{3f852797-61a7-420f-8cd1-dbfc280344b9}</UniqueIdentifier>
    </Filter>
    <Filter Include="Renderer">
      <UniqueIdentifier>{d9f26bf5-5e69-49d1-8da7-50e3a820e5b6}</UniqueIdentifier>
    </Filter>
    <Filter Include="Entry">
      <UniqueIdentifier>{2353f179-94db-4480-8bdd-89907422815b}</UniqueIdentifier>
    </Filter>
    <Filter Include="Player">
      <UniqueIdentifier>{321c6e21-fdbf-4356-b1d7-e56a745a7415}</UniqueIdentifier>
    </Filter>
  </ItemGroup>
</Project>